{
  "version": 4,
  "terraform_version": "1.5.0",
  "serial": 26,
  "lineage": "cf7ea0a1-e27f-1fbc-1392-12d76e23858a",
  "outputs": {},
  "resources": [
    {
      "mode": "managed",
      "type": "google_storage_bucket",
      "name": "input-bucket",
      "provider": "provider[\"registry.terraform.io/hashicorp/google\"]",
      "instances": [
        {
          "schema_version": 0,
          "attributes": {
            "autoclass": [],
            "cors": [],
            "custom_placement_config": [],
            "default_event_based_hold": false,
            "encryption": [],
            "force_destroy": true,
            "id": "datamass-lab-2023",
            "labels": {},
            "lifecycle_rule": [],
            "location": "EUROPE-WEST1",
            "logging": [],
            "name": "datamass-lab-2023",
            "project": "datamass-2023-genai",
            "public_access_prevention": "enforced",
            "requester_pays": false,
            "retention_policy": [],
            "self_link": "https://www.googleapis.com/storage/v1/b/datamass-lab-2023",
            "storage_class": "STANDARD",
            "timeouts": null,
            "uniform_bucket_level_access": false,
            "url": "gs://datamass-lab-2023",
            "versioning": [],
            "website": []
          },
          "sensitive_attributes": [],
          "private": "eyJlMmJmYjczMC1lY2FhLTExZTYtOGY4OC0zNDM2M2JjN2M0YzAiOnsiY3JlYXRlIjo2MDAwMDAwMDAwMDAsInJlYWQiOjI0MDAwMDAwMDAwMCwidXBkYXRlIjoyNDAwMDAwMDAwMDB9fQ=="
        }
      ]
    },
    {
      "mode": "managed",
      "type": "google_storage_bucket_iam_binding",
      "name": "input_bucket_binding",
      "provider": "provider[\"registry.terraform.io/hashicorp/google\"]",
      "instances": [
        {
          "schema_version": 0,
          "attributes": {
            "bucket": "b/datamass-lab-2023",
            "condition": [],
            "etag": "CAI=",
            "id": "b/datamass-lab-2023/roles/storage.admin",
            "members": [
              "group:mlops_labs@getindata.com"
            ],
            "role": "roles/storage.admin"
          },
          "sensitive_attributes": [],
          "private": "bnVsbA==",
          "dependencies": [
            "google_storage_bucket.input-bucket"
          ]
        }
      ]
    },
    {
      "mode": "managed",
      "type": "google_storage_bucket_object",
      "name": "blog-posts",
      "provider": "provider[\"registry.terraform.io/hashicorp/google\"]",
      "instances": [
        {
          "index_key": "resources/blog_posts/4 Feature Stores - explained and compared.pdf",
          "schema_version": 0,
          "attributes": {
            "bucket": "datamass-lab-2023",
            "cache_control": "",
            "content": null,
            "content_disposition": "",
            "content_encoding": "",
            "content_language": "",
            "content_type": "application/pdf",
            "crc32c": "B/lnKQ==",
            "customer_encryption": [],
            "detect_md5hash": "4jdBy++4VC+kGrVZ/kToOA==",
            "event_based_hold": false,
            "id": "datamass-lab-2023-blog_posts/resources/blog_posts/4 Feature Stores - explained and compared.pdf",
            "kms_key_name": "",
            "md5hash": "4jdBy++4VC+kGrVZ/kToOA==",
            "media_link": "https://storage.googleapis.com/download/storage/v1/b/datamass-lab-2023/o/blog_posts%2Fresources%2Fblog_posts%2F4%20Feature%20Stores%20-%20explained%20and%20compared.pdf?generation=1695747561734365\u0026alt=media",
            "metadata": null,
            "name": "blog_posts/resources/blog_posts/4 Feature Stores - explained and compared.pdf",
            "output_name": "blog_posts/resources/blog_posts/4 Feature Stores - explained and compared.pdf",
            "self_link": "https://www.googleapis.com/storage/v1/b/datamass-lab-2023/o/blog_posts%2Fresources%2Fblog_posts%2F4%20Feature%20Stores%20-%20explained%20and%20compared.pdf",
            "source": "resources/blog_posts/4 Feature Stores - explained and compared.pdf",
            "storage_class": "STANDARD",
            "temporary_hold": false,
            "timeouts": null
          },
          "sensitive_attributes": [],
          "private": "eyJlMmJmYjczMC1lY2FhLTExZTYtOGY4OC0zNDM2M2JjN2M0YzAiOnsiY3JlYXRlIjoyNDAwMDAwMDAwMDAsImRlbGV0ZSI6MjQwMDAwMDAwMDAwLCJ1cGRhdGUiOjI0MDAwMDAwMDAwMH19",
          "dependencies": [
            "google_storage_bucket.input-bucket"
          ]
        },
        {
          "index_key": "resources/blog_posts/5 MLOps issues resulting in ineffective use of data.pdf",
          "schema_version": 0,
          "attributes": {
            "bucket": "datamass-lab-2023",
            "cache_control": "",
            "content": null,
            "content_disposition": "",
            "content_encoding": "",
            "content_language": "",
            "content_type": "application/pdf",
            "crc32c": "6Er1Tg==",
            "customer_encryption": [],
            "detect_md5hash": "tTi0K1R2i9qOMfxAfOLE/Q==",
            "event_based_hold": false,
            "id": "datamass-lab-2023-blog_posts/resources/blog_posts/5 MLOps issues resulting in ineffective use of data.pdf",
            "kms_key_name": "",
            "md5hash": "tTi0K1R2i9qOMfxAfOLE/Q==",
            "media_link": "https://storage.googleapis.com/download/storage/v1/b/datamass-lab-2023/o/blog_posts%2Fresources%2Fblog_posts%2F5%20MLOps%20issues%20resulting%20in%20ineffective%20use%20of%20data.pdf?generation=1695747562234614\u0026alt=media",
            "metadata": null,
            "name": "blog_posts/resources/blog_posts/5 MLOps issues resulting in ineffective use of data.pdf",
            "output_name": "blog_posts/resources/blog_posts/5 MLOps issues resulting in ineffective use of data.pdf",
            "self_link": "https://www.googleapis.com/storage/v1/b/datamass-lab-2023/o/blog_posts%2Fresources%2Fblog_posts%2F5%20MLOps%20issues%20resulting%20in%20ineffective%20use%20of%20data.pdf",
            "source": "resources/blog_posts/5 MLOps issues resulting in ineffective use of data.pdf",
            "storage_class": "STANDARD",
            "temporary_hold": false,
            "timeouts": null
          },
          "sensitive_attributes": [],
          "private": "eyJlMmJmYjczMC1lY2FhLTExZTYtOGY4OC0zNDM2M2JjN2M0YzAiOnsiY3JlYXRlIjoyNDAwMDAwMDAwMDAsImRlbGV0ZSI6MjQwMDAwMDAwMDAwLCJ1cGRhdGUiOjI0MDAwMDAwMDAwMH19",
          "dependencies": [
            "google_storage_bucket.input-bucket"
          ]
        },
        {
          "index_key": "resources/blog_posts/AutoML with BigQuery ML.pdf",
          "schema_version": 0,
          "attributes": {
            "bucket": "datamass-lab-2023",
            "cache_control": "",
            "content": null,
            "content_disposition": "",
            "content_encoding": "",
            "content_language": "",
            "content_type": "application/pdf",
            "crc32c": "D3wIuw==",
            "customer_encryption": [],
            "detect_md5hash": "rTw8o2Q5XjQHgGBkJXA6Tw==",
            "event_based_hold": false,
            "id": "datamass-lab-2023-blog_posts/resources/blog_posts/AutoML with BigQuery ML.pdf",
            "kms_key_name": "",
            "md5hash": "rTw8o2Q5XjQHgGBkJXA6Tw==",
            "media_link": "https://storage.googleapis.com/download/storage/v1/b/datamass-lab-2023/o/blog_posts%2Fresources%2Fblog_posts%2FAutoML%20with%20BigQuery%20ML.pdf?generation=1695747563273776\u0026alt=media",
            "metadata": null,
            "name": "blog_posts/resources/blog_posts/AutoML with BigQuery ML.pdf",
            "output_name": "blog_posts/resources/blog_posts/AutoML with BigQuery ML.pdf",
            "self_link": "https://www.googleapis.com/storage/v1/b/datamass-lab-2023/o/blog_posts%2Fresources%2Fblog_posts%2FAutoML%20with%20BigQuery%20ML.pdf",
            "source": "resources/blog_posts/AutoML with BigQuery ML.pdf",
            "storage_class": "STANDARD",
            "temporary_hold": false,
            "timeouts": null
          },
          "sensitive_attributes": [],
          "private": "eyJlMmJmYjczMC1lY2FhLTExZTYtOGY4OC0zNDM2M2JjN2M0YzAiOnsiY3JlYXRlIjoyNDAwMDAwMDAwMDAsImRlbGV0ZSI6MjQwMDAwMDAwMDAwLCJ1cGRhdGUiOjI0MDAwMDAwMDAwMH19",
          "dependencies": [
            "google_storage_bucket.input-bucket"
          ]
        },
        {
          "index_key": "resources/blog_posts/MLOps@Snowflake blog post.pdf",
          "schema_version": 0,
          "attributes": {
            "bucket": "datamass-lab-2023",
            "cache_control": "",
            "content": null,
            "content_disposition": "",
            "content_encoding": "",
            "content_language": "",
            "content_type": "application/pdf",
            "crc32c": "z6zfGg==",
            "customer_encryption": [],
            "detect_md5hash": "JVNhml6YYEnpJXZsuUVWPg==",
            "event_based_hold": false,
            "id": "datamass-lab-2023-blog_posts/resources/blog_posts/MLOps@Snowflake blog post.pdf",
            "kms_key_name": "",
            "md5hash": "JVNhml6YYEnpJXZsuUVWPg==",
            "media_link": "https://storage.googleapis.com/download/storage/v1/b/datamass-lab-2023/o/blog_posts%2Fresources%2Fblog_posts%2FMLOps@Snowflake%20blog%20post.pdf?generation=1695747562570540\u0026alt=media",
            "metadata": null,
            "name": "blog_posts/resources/blog_posts/MLOps@Snowflake blog post.pdf",
            "output_name": "blog_posts/resources/blog_posts/MLOps@Snowflake blog post.pdf",
            "self_link": "https://www.googleapis.com/storage/v1/b/datamass-lab-2023/o/blog_posts%2Fresources%2Fblog_posts%2FMLOps@Snowflake%20blog%20post.pdf",
            "source": "resources/blog_posts/MLOps@Snowflake blog post.pdf",
            "storage_class": "STANDARD",
            "temporary_hold": false,
            "timeouts": null
          },
          "sensitive_attributes": [],
          "private": "eyJlMmJmYjczMC1lY2FhLTExZTYtOGY4OC0zNDM2M2JjN2M0YzAiOnsiY3JlYXRlIjoyNDAwMDAwMDAwMDAsImRlbGV0ZSI6MjQwMDAwMDAwMDAwLCJ1cGRhdGUiOjI0MDAwMDAwMDAwMH19",
          "dependencies": [
            "google_storage_bucket.input-bucket"
          ]
        },
        {
          "index_key": "resources/blog_posts/Running Kedro... everywhere - blogpost.pdf",
          "schema_version": 0,
          "attributes": {
            "bucket": "datamass-lab-2023",
            "cache_control": "",
            "content": null,
            "content_disposition": "",
            "content_encoding": "",
            "content_language": "",
            "content_type": "application/pdf",
            "crc32c": "436YUA==",
            "customer_encryption": [],
            "detect_md5hash": "CDeZp/Ep/sQygynFbmAirg==",
            "event_based_hold": false,
            "id": "datamass-lab-2023-blog_posts/resources/blog_posts/Running Kedro... everywhere - blogpost.pdf",
            "kms_key_name": "",
            "md5hash": "CDeZp/Ep/sQygynFbmAirg==",
            "media_link": "https://storage.googleapis.com/download/storage/v1/b/datamass-lab-2023/o/blog_posts%2Fresources%2Fblog_posts%2FRunning%20Kedro...%20everywhere%20-%20blogpost.pdf?generation=1695747563554906\u0026alt=media",
            "metadata": null,
            "name": "blog_posts/resources/blog_posts/Running Kedro... everywhere - blogpost.pdf",
            "output_name": "blog_posts/resources/blog_posts/Running Kedro... everywhere - blogpost.pdf",
            "self_link": "https://www.googleapis.com/storage/v1/b/datamass-lab-2023/o/blog_posts%2Fresources%2Fblog_posts%2FRunning%20Kedro...%20everywhere%20-%20blogpost.pdf",
            "source": "resources/blog_posts/Running Kedro... everywhere - blogpost.pdf",
            "storage_class": "STANDARD",
            "temporary_hold": false,
            "timeouts": null
          },
          "sensitive_attributes": [],
          "private": "eyJlMmJmYjczMC1lY2FhLTExZTYtOGY4OC0zNDM2M2JjN2M0YzAiOnsiY3JlYXRlIjoyNDAwMDAwMDAwMDAsImRlbGV0ZSI6MjQwMDAwMDAwMDAwLCJ1cGRhdGUiOjI0MDAwMDAwMDAwMH19",
          "dependencies": [
            "google_storage_bucket.input-bucket"
          ]
        },
        {
          "index_key": "resources/blog_posts/kedro-snowflake blog post.pdf",
          "schema_version": 0,
          "attributes": {
            "bucket": "datamass-lab-2023",
            "cache_control": "",
            "content": null,
            "content_disposition": "",
            "content_encoding": "",
            "content_language": "",
            "content_type": "application/pdf",
            "crc32c": "qn54eA==",
            "customer_encryption": [],
            "detect_md5hash": "OUgbHVOTgl5jBvNSc5hh0Q==",
            "event_based_hold": false,
            "id": "datamass-lab-2023-blog_posts/resources/blog_posts/kedro-snowflake blog post.pdf",
            "kms_key_name": "",
            "md5hash": "OUgbHVOTgl5jBvNSc5hh0Q==",
            "media_link": "https://storage.googleapis.com/download/storage/v1/b/datamass-lab-2023/o/blog_posts%2Fresources%2Fblog_posts%2Fkedro-snowflake%20blog%20post.pdf?generation=1695747563582436\u0026alt=media",
            "metadata": null,
            "name": "blog_posts/resources/blog_posts/kedro-snowflake blog post.pdf",
            "output_name": "blog_posts/resources/blog_posts/kedro-snowflake blog post.pdf",
            "self_link": "https://www.googleapis.com/storage/v1/b/datamass-lab-2023/o/blog_posts%2Fresources%2Fblog_posts%2Fkedro-snowflake%20blog%20post.pdf",
            "source": "resources/blog_posts/kedro-snowflake blog post.pdf",
            "storage_class": "STANDARD",
            "temporary_hold": false,
            "timeouts": null
          },
          "sensitive_attributes": [],
          "private": "eyJlMmJmYjczMC1lY2FhLTExZTYtOGY4OC0zNDM2M2JjN2M0YzAiOnsiY3JlYXRlIjoyNDAwMDAwMDAwMDAsImRlbGV0ZSI6MjQwMDAwMDAwMDAwLCJ1cGRhdGUiOjI0MDAwMDAwMDAwMH19",
          "dependencies": [
            "google_storage_bucket.input-bucket"
          ]
        }
      ]
    }
  ],
  "check_results": null
}
